
Microsoft Visual Studio Solution File, Format Version 12.00
# Visual Studio Version 17
VisualStudioVersion = 17.8.34525.116
MinimumVisualStudioVersion = 10.0.40219.1
Project("{FAE04EC0-301F-11D3-BF4B-00C04F79EFBC}") = "MauiAppMeuComustivel", "MauiAppMeuComustivel\MauiAppMeuComustivel.csproj", "{ABD6472C-4B96-4C20-8C19-2D81555E07DA}"
EndProject
Global
	GlobalSection(SolutionConfigurationPlatforms) = preSolution
		Debug|Any CPU = Debug|Any CPU
		Release|Any CPU = Release|Any CPU
	EndGlobalSection
	GlobalSection(ProjectConfigurationPlatforms) = postSolution
		{ABD6472C-4B96-4C20-8C19-2D81555E07DA}.Debug|Any CPU.ActiveCfg = Debug|Any CPU
		{ABD6472C-4B96-4C20-8C19-2D81555E07DA}.Debug|Any CPU.Build.0 = Debug|Any CPU
		{ABD6472C-4B96-4C20-8C19-2D81555E07DA}.Debug|Any CPU.Deploy.0 = Debug|Any CPU
		{ABD6472C-4B96-4C20-8C19-2D81555E07DA}.Release|Any CPU.ActiveCfg = Release|Any CPU
		{ABD6472C-4B96-4C20-8C19-2D81555E07DA}.Release|Any CPU.Build.0 = Release|Any CPU
		{ABD6472C-4B96-4C20-8C19-2D81555E07DA}.Release|Any CPU.Deploy.0 = Release|Any CPU
	EndGlobalSection
	GlobalSection(SolutionProperties) = preSolution
		HideSolutionNode = FALSE
	EndGlobalSection
	GlobalSection(ExtensibilityGlobals) = postSolution
		SolutionGuid = {B67E3090-31FA-4B6C-9D28-BBFA7D666646}
	EndGlobalSection
EndGlobal
